
Microsoft Visual Studio Solution File, Format Version 12.00
# Visual Studio Version 17
VisualStudioVersion = 17.7.34221.43
MinimumVisualStudioVersion = 10.0.40219.1
Project("{9A19103F-16F7-4668-BE54-9A1E7A4F7556}") = "Usuario", "Usuario\Usuario.csproj", "{7CC8C19C-C035-4385-A082-3806E8D72D75}"
EndProject
Project("{2150E333-8FDC-42A3-9474-1A3956D46DE8}") = "Itens de Solução", "Itens de Solução", "{4DD6E4FD-5E57-472E-85FF-56DBD1E6D0B8}"
	ProjectSection(SolutionItems) = preProject
		docker-compose.yaml = docker-compose.yaml
	EndProjectSection
EndProject
Global
	GlobalSection(SolutionConfigurationPlatforms) = preSolution
		Debug|Any CPU = Debug|Any CPU
		Release|Any CPU = Release|Any CPU
	EndGlobalSection
	GlobalSection(ProjectConfigurationPlatforms) = postSolution
		{7CC8C19C-C035-4385-A082-3806E8D72D75}.Debug|Any CPU.ActiveCfg = Debug|Any CPU
		{7CC8C19C-C035-4385-A082-3806E8D72D75}.Debug|Any CPU.Build.0 = Debug|Any CPU
		{7CC8C19C-C035-4385-A082-3806E8D72D75}.Release|Any CPU.ActiveCfg = Release|Any CPU
		{7CC8C19C-C035-4385-A082-3806E8D72D75}.Release|Any CPU.Build.0 = Release|Any CPU
	EndGlobalSection
	GlobalSection(SolutionProperties) = preSolution
		HideSolutionNode = FALSE
	EndGlobalSection
	GlobalSection(ExtensibilityGlobals) = postSolution
		SolutionGuid = {54A12605-BC1B-4517-8FAA-F88F82BF24D2}
	EndGlobalSection
EndGlobal
